
Microsoft Visual Studio Solution File, Format Version 12.00
# Visual Studio 15
Project("{FAE04EC0-301F-11D3-BF4B-00C04F79EFBC}") = "CSharp", "CSharp.csproj", "{27F336DD-BED0-4D12-9E0D-F2D3A9D54075}"
EndProject
Global
	GlobalSection(SolutionConfigurationPlatforms) = preSolution
		Debug|Any CPU = Debug|Any CPU
		Release|Any CPU = Release|Any CPU
	EndGlobalSection
	GlobalSection(ProjectConfigurationPlatforms) = postSolution
		{27F336DD-BED0-4D12-9E0D-F2D3A9D54075}.Debug|Any CPU.ActiveCfg = Debug|Any CPU
		{27F336DD-BED0-4D12-9E0D-F2D3A9D54075}.Debug|Any CPU.Build.0 = Debug|Any CPU
		{27F336DD-BED0-4D12-9E0D-F2D3A9D54075}.Release|Any CPU.ActiveCfg = Release|Any CPU
		{27F336DD-BED0-4D12-9E0D-F2D3A9D54075}.Release|Any CPU.Build.0 = Release|Any CPU
	EndGlobalSection
EndGlobal
